
Microsoft Visual Studio Solution File, Format Version 12.00
# Visual Studio 15
VisualStudioVersion = 15.0.27428.2015
MinimumVisualStudioVersion = 10.0.40219.1
Project("{9A19103F-16F7-4668-BE54-9A1E7A4F7556}") = "SelectionCommittee.API", "SelectionCommittee.API\SelectionCommittee.API.csproj", "{68909910-758D-4807-A73F-E12E954C7418}"
EndProject
Project("{9A19103F-16F7-4668-BE54-9A1E7A4F7556}") = "SelectionCommittee.DAL", "SelectionCommittee.DAL\SelectionCommittee.DAL.csproj", "{4C03B5D6-2FA8-4781-A03C-E0CA255926BA}"
EndProject
Project("{9A19103F-16F7-4668-BE54-9A1E7A4F7556}") = "SelectionCommittee.BLL", "SelectionCommittee.BLL\SelectionCommittee.BLL.csproj", "{A24D1758-2A8B-4C1A-8A6C-AE5B89B39AD9}"
EndProject
Project("{9A19103F-16F7-4668-BE54-9A1E7A4F7556}") = "SelectionCommittee.Authentication", "SelectionCommittee.Authentication\SelectionCommittee.Authentication.csproj", "{98FC77AB-A80B-45EA-AA2C-D4808640336E}"
EndProject
Project("{FAE04EC0-301F-11D3-BF4B-00C04F79EFBC}") = "SelectionCommittee.Logger", "SelectionCommittee.Logger\SelectionCommittee.Logger.csproj", "{EAAE50A2-FCA0-4C34-96B4-5227C08E9051}"
EndProject
Global
	GlobalSection(SolutionConfigurationPlatforms) = preSolution
		Debug|Any CPU = Debug|Any CPU
		Release|Any CPU = Release|Any CPU
	EndGlobalSection
	GlobalSection(ProjectConfigurationPlatforms) = postSolution
		{68909910-758D-4807-A73F-E12E954C7418}.Debug|Any CPU.ActiveCfg = Debug|Any CPU
		{68909910-758D-4807-A73F-E12E954C7418}.Debug|Any CPU.Build.0 = Debug|Any CPU
		{68909910-758D-4807-A73F-E12E954C7418}.Release|Any CPU.ActiveCfg = Release|Any CPU
		{68909910-758D-4807-A73F-E12E954C7418}.Release|Any CPU.Build.0 = Release|Any CPU
		{4C03B5D6-2FA8-4781-A03C-E0CA255926BA}.Debug|Any CPU.ActiveCfg = Debug|Any CPU
		{4C03B5D6-2FA8-4781-A03C-E0CA255926BA}.Debug|Any CPU.Build.0 = Debug|Any CPU
		{4C03B5D6-2FA8-4781-A03C-E0CA255926BA}.Release|Any CPU.ActiveCfg = Release|Any CPU
		{4C03B5D6-2FA8-4781-A03C-E0CA255926BA}.Release|Any CPU.Build.0 = Release|Any CPU
		{A24D1758-2A8B-4C1A-8A6C-AE5B89B39AD9}.Debug|Any CPU.ActiveCfg = Debug|Any CPU
		{A24D1758-2A8B-4C1A-8A6C-AE5B89B39AD9}.Debug|Any CPU.Build.0 = Debug|Any CPU
		{A24D1758-2A8B-4C1A-8A6C-AE5B89B39AD9}.Release|Any CPU.ActiveCfg = Release|Any CPU
		{A24D1758-2A8B-4C1A-8A6C-AE5B89B39AD9}.Release|Any CPU.Build.0 = Release|Any CPU
		{98FC77AB-A80B-45EA-AA2C-D4808640336E}.Debug|Any CPU.ActiveCfg = Debug|Any CPU
		{98FC77AB-A80B-45EA-AA2C-D4808640336E}.Debug|Any CPU.Build.0 = Debug|Any CPU
		{98FC77AB-A80B-45EA-AA2C-D4808640336E}.Release|Any CPU.ActiveCfg = Release|Any CPU
		{98FC77AB-A80B-45EA-AA2C-D4808640336E}.Release|Any CPU.Build.0 = Release|Any CPU
		{EAAE50A2-FCA0-4C34-96B4-5227C08E9051}.Debug|Any CPU.ActiveCfg = Debug|Any CPU
		{EAAE50A2-FCA0-4C34-96B4-5227C08E9051}.Debug|Any CPU.Build.0 = Debug|Any CPU
		{EAAE50A2-FCA0-4C34-96B4-5227C08E9051}.Release|Any CPU.ActiveCfg = Release|Any CPU
		{EAAE50A2-FCA0-4C34-96B4-5227C08E9051}.Release|Any CPU.Build.0 = Release|Any CPU
	EndGlobalSection
	GlobalSection(SolutionProperties) = preSolution
		HideSolutionNode = FALSE
	EndGlobalSection
	GlobalSection(ExtensibilityGlobals) = postSolution
		SolutionGuid = {CE2357E7-F4E2-4E48-BEE6-637F3311DCBB}
	EndGlobalSection
EndGlobal
